
Microsoft Visual Studio Solution File, Format Version 12.00
# Visual Studio Version 17
VisualStudioVersion = 17.9.34728.123
MinimumVisualStudioVersion = 10.0.40219.1
Project("{2150E333-8FDC-42A3-9474-1A3956D46DE8}") = "Services", "Services", "{9DD93BD0-A917-40AC-97DD-C081AC7DD308}"
EndProject
Project("{2150E333-8FDC-42A3-9474-1A3956D46DE8}") = "Gateway", "Gateway", "{4BA91419-E69F-4DA3-BAAE-51D5FE86A12D}"
EndProject
Project("{2150E333-8FDC-42A3-9474-1A3956D46DE8}") = "BuildingBlocks", "BuildingBlocks", "{829F661B-E0D2-449E-AEB9-AE9678912E67}"
EndProject
Project("{2150E333-8FDC-42A3-9474-1A3956D46DE8}") = "Client", "Client", "{5C2FB753-CCB2-4424-86A0-AD0C063AB78A}"
EndProject
Project("{2150E333-8FDC-42A3-9474-1A3956D46DE8}") = "Catalog", "Catalog", "{84205668-6235-4B1A-8A19-9EE1CA41D72D}"
EndProject
Project("{9A19103F-16F7-4668-BE54-9A1E7A4F7556}") = "EShop.BuildingBlocks", "BuildingBlocks\EShop.BuildingBlocks\EShop.BuildingBlocks.csproj", "{359016FC-FC99-4673-90A1-DACE67500A5E}"
EndProject
Project("{E53339B2-1760-4266-BCC7-CA923CBCF16C}") = "docker-compose", "docker-compose.dcproj", "{C9F8C82D-1EAC-46FA-8A77-7305C7AAA77F}"
EndProject
Project("{2150E333-8FDC-42A3-9474-1A3956D46DE8}") = "Basket", "Basket", "{6B17CD78-61AD-4D6A-8EBC-E95F023181E9}"
EndProject
Project("{2150E333-8FDC-42A3-9474-1A3956D46DE8}") = "Discount", "Discount", "{64FB4A51-3246-4D3A-8863-60402FEB3016}"
EndProject
Project("{9A19103F-16F7-4668-BE54-9A1E7A4F7556}") = "Discount.Grpc", "Services\Discount\Discount.Grpc\Discount.Grpc.csproj", "{231A9913-57DC-48EA-BE3C-10E907565332}"
EndProject
Project("{9A19103F-16F7-4668-BE54-9A1E7A4F7556}") = "EShop.CatalogAPI", "Services\Catalog\EShop.CatalogAPI\EShop.CatalogAPI.csproj", "{81CFEF78-C975-4D65-9AA6-182D6C66B4B4}"
EndProject
Project("{9A19103F-16F7-4668-BE54-9A1E7A4F7556}") = "Basket.Api", "Services\Basket\Basket.Api\Basket.Api.csproj", "{29F8D3BF-6024-48C1-84CB-30D48E7DCEE4}"
EndProject
Global
	GlobalSection(SolutionConfigurationPlatforms) = preSolution
		Debug|Any CPU = Debug|Any CPU
		Release|Any CPU = Release|Any CPU
	EndGlobalSection
	GlobalSection(ProjectConfigurationPlatforms) = postSolution
		{359016FC-FC99-4673-90A1-DACE67500A5E}.Debug|Any CPU.ActiveCfg = Debug|Any CPU
		{359016FC-FC99-4673-90A1-DACE67500A5E}.Debug|Any CPU.Build.0 = Debug|Any CPU
		{359016FC-FC99-4673-90A1-DACE67500A5E}.Release|Any CPU.ActiveCfg = Release|Any CPU
		{359016FC-FC99-4673-90A1-DACE67500A5E}.Release|Any CPU.Build.0 = Release|Any CPU
		{C9F8C82D-1EAC-46FA-8A77-7305C7AAA77F}.Debug|Any CPU.ActiveCfg = Debug|Any CPU
		{C9F8C82D-1EAC-46FA-8A77-7305C7AAA77F}.Debug|Any CPU.Build.0 = Debug|Any CPU
		{C9F8C82D-1EAC-46FA-8A77-7305C7AAA77F}.Release|Any CPU.ActiveCfg = Release|Any CPU
		{C9F8C82D-1EAC-46FA-8A77-7305C7AAA77F}.Release|Any CPU.Build.0 = Release|Any CPU
		{231A9913-57DC-48EA-BE3C-10E907565332}.Debug|Any CPU.ActiveCfg = Debug|Any CPU
		{231A9913-57DC-48EA-BE3C-10E907565332}.Debug|Any CPU.Build.0 = Debug|Any CPU
		{231A9913-57DC-48EA-BE3C-10E907565332}.Release|Any CPU.ActiveCfg = Release|Any CPU
		{231A9913-57DC-48EA-BE3C-10E907565332}.Release|Any CPU.Build.0 = Release|Any CPU
		{81CFEF78-C975-4D65-9AA6-182D6C66B4B4}.Debug|Any CPU.ActiveCfg = Debug|Any CPU
		{81CFEF78-C975-4D65-9AA6-182D6C66B4B4}.Debug|Any CPU.Build.0 = Debug|Any CPU
		{81CFEF78-C975-4D65-9AA6-182D6C66B4B4}.Release|Any CPU.ActiveCfg = Release|Any CPU
		{81CFEF78-C975-4D65-9AA6-182D6C66B4B4}.Release|Any CPU.Build.0 = Release|Any CPU
		{29F8D3BF-6024-48C1-84CB-30D48E7DCEE4}.Debug|Any CPU.ActiveCfg = Debug|Any CPU
		{29F8D3BF-6024-48C1-84CB-30D48E7DCEE4}.Debug|Any CPU.Build.0 = Debug|Any CPU
		{29F8D3BF-6024-48C1-84CB-30D48E7DCEE4}.Release|Any CPU.ActiveCfg = Release|Any CPU
		{29F8D3BF-6024-48C1-84CB-30D48E7DCEE4}.Release|Any CPU.Build.0 = Release|Any CPU
	EndGlobalSection
	GlobalSection(SolutionProperties) = preSolution
		HideSolutionNode = FALSE
	EndGlobalSection
	GlobalSection(NestedProjects) = preSolution
		{84205668-6235-4B1A-8A19-9EE1CA41D72D} = {9DD93BD0-A917-40AC-97DD-C081AC7DD308}
		{359016FC-FC99-4673-90A1-DACE67500A5E} = {829F661B-E0D2-449E-AEB9-AE9678912E67}
		{6B17CD78-61AD-4D6A-8EBC-E95F023181E9} = {9DD93BD0-A917-40AC-97DD-C081AC7DD308}
		{64FB4A51-3246-4D3A-8863-60402FEB3016} = {9DD93BD0-A917-40AC-97DD-C081AC7DD308}
		{231A9913-57DC-48EA-BE3C-10E907565332} = {64FB4A51-3246-4D3A-8863-60402FEB3016}
		{81CFEF78-C975-4D65-9AA6-182D6C66B4B4} = {84205668-6235-4B1A-8A19-9EE1CA41D72D}
		{29F8D3BF-6024-48C1-84CB-30D48E7DCEE4} = {6B17CD78-61AD-4D6A-8EBC-E95F023181E9}
	EndGlobalSection
	GlobalSection(ExtensibilityGlobals) = postSolution
		SolutionGuid = {BDFDCDE3-5BEC-414C-BCF1-91C96F70CE39}
	EndGlobalSection
EndGlobal
